// !$*UTF8*$!
{
	archiveVersion = 1;
	classes = {
	};
	objectVersion = 56;
	objects = {

/* Begin PBXBuildFile section */
		B417C365298AB88100E4BCB7 /* SceneDelegate.swift in Sources */ = {isa = PBXBuildFile; fileRef = B417C364298AB88100E4BCB7 /* SceneDelegate.swift */; };
		B417C367298AB91A00E4BCB7 /* AppDelegate.swift in Sources */ = {isa = PBXBuildFile; fileRef = B417C366298AB91A00E4BCB7 /* AppDelegate.swift */; };
		B44BF3B72989B9400002B220 /* RandomApp.swift in Sources */ = {isa = PBXBuildFile; fileRef = B44BF3B62989B9400002B220 /* RandomApp.swift */; };
		B44BF3B92989B9400002B220 /* AppView.swift in Sources */ = {isa = PBXBuildFile; fileRef = B44BF3B82989B9400002B220 /* AppView.swift */; };
		B44BF3BB2989B9400002B220 /* Assets.xcassets in Resources */ = {isa = PBXBuildFile; fileRef = B44BF3BA2989B9400002B220 /* Assets.xcassets */; };
		B44BF3BE2989B9400002B220 /* Preview Assets.xcassets in Resources */ = {isa = PBXBuildFile; fileRef = B44BF3BD2989B9400002B220 /* Preview Assets.xcassets */; };
		B44BF3C02989B9400002B220 /* Persistence.swift in Sources */ = {isa = PBXBuildFile; fileRef = B44BF3BF2989B9400002B220 /* Persistence.swift */; };
		B44BF3C32989B9400002B220 /* Random.xcdatamodeld in Sources */ = {isa = PBXBuildFile; fileRef = B44BF3C12989B9400002B220 /* Random.xcdatamodeld */; };
		B44BF3CD2989B9400002B220 /* RandomTests.swift in Sources */ = {isa = PBXBuildFile; fileRef = B44BF3CC2989B9400002B220 /* RandomTests.swift */; };
		B44BF3ED2989BD3E0002B220 /* ComposableArchitecture in Frameworks */ = {isa = PBXBuildFile; productRef = B44BF3EC2989BD3E0002B220 /* ComposableArchitecture */; };
		B44BF3F02989BD5E0002B220 /* Microya in Frameworks */ = {isa = PBXBuildFile; productRef = B44BF3EF2989BD5E0002B220 /* Microya */; };
		B44BF3F32989BEFC0002B220 /* User.swift in Sources */ = {isa = PBXBuildFile; fileRef = B44BF3F22989BEFC0002B220 /* User.swift */; };
		B44BF3F52989BFE60002B220 /* ApiCollectionResponse.swift in Sources */ = {isa = PBXBuildFile; fileRef = B44BF3F42989BFE60002B220 /* ApiCollectionResponse.swift */; };
		B44BF3F72989CC970002B220 /* RandomUserEndPoint.swift in Sources */ = {isa = PBXBuildFile; fileRef = B44BF3F62989CC970002B220 /* RandomUserEndPoint.swift */; };
		B44BF3F92989CD200002B220 /* Page.swift in Sources */ = {isa = PBXBuildFile; fileRef = B44BF3F82989CD200002B220 /* Page.swift */; };
		B44BF3FB2989CF1B0002B220 /* RandomUserError.swift in Sources */ = {isa = PBXBuildFile; fileRef = B44BF3FA2989CF1B0002B220 /* RandomUserError.swift */; };
		B4556C6C298A79A900492A10 /* RandomUsersApiTests.swift in Sources */ = {isa = PBXBuildFile; fileRef = B4556C6B298A79A900492A10 /* RandomUsersApiTests.swift */; };
		B4556C6E298A79BA00492A10 /* TestGlobals.swift in Sources */ = {isa = PBXBuildFile; fileRef = B4556C6D298A79BA00492A10 /* TestGlobals.swift */; };
		B4556C71298A8A8200492A10 /* UserView.swift in Sources */ = {isa = PBXBuildFile; fileRef = B4556C70298A8A8200492A10 /* UserView.swift */; };
		B4556C73298A8A8F00492A10 /* UserStore.swift in Sources */ = {isa = PBXBuildFile; fileRef = B4556C72298A8A8F00492A10 /* UserStore.swift */; };
		B4556C75298A8D9300492A10 /* DesignConstants.swift in Sources */ = {isa = PBXBuildFile; fileRef = B4556C74298A8D9300492A10 /* DesignConstants.swift */; };
		B4556C78298A948500492A10 /* AppStore.swift in Sources */ = {isa = PBXBuildFile; fileRef = B4556C77298A948500492A10 /* AppStore.swift */; };
		B4556C7B298A967500492A10 /* UserListView.swift in Sources */ = {isa = PBXBuildFile; fileRef = B4556C7A298A967500492A10 /* UserListView.swift */; };
		B4556C7D298A96A700492A10 /* UserListReducer.swift in Sources */ = {isa = PBXBuildFile; fileRef = B4556C7C298A96A700492A10 /* UserListReducer.swift */; };
		B4556C7F298A96AE00492A10 /* UserListStore.swift in Sources */ = {isa = PBXBuildFile; fileRef = B4556C7E298A96AE00492A10 /* UserListStore.swift */; };
		B4556C81298A97A700492A10 /* AppEnv.swift in Sources */ = {isa = PBXBuildFile; fileRef = B4556C80298A97A700492A10 /* AppEnv.swift */; };
		B4556C83298AAA1A00492A10 /* AppError.swift in Sources */ = {isa = PBXBuildFile; fileRef = B4556C82298AAA1A00492A10 /* AppError.swift */; };
/* End PBXBuildFile section */

/* Begin PBXContainerItemProxy section */
		B44BF3C92989B9400002B220 /* PBXContainerItemProxy */ = {
			isa = PBXContainerItemProxy;
			containerPortal = B44BF3AB2989B9400002B220 /* Project object */;
			proxyType = 1;
			remoteGlobalIDString = B44BF3B22989B9400002B220;
			remoteInfo = Random;
		};
/* End PBXContainerItemProxy section */

/* Begin PBXFileReference section */
		B417C364298AB88100E4BCB7 /* SceneDelegate.swift */ = {isa = PBXFileReference; lastKnownFileType = sourcecode.swift; path = SceneDelegate.swift; sourceTree = "<group>"; };
		B417C366298AB91A00E4BCB7 /* AppDelegate.swift */ = {isa = PBXFileReference; lastKnownFileType = sourcecode.swift; path = AppDelegate.swift; sourceTree = "<group>"; };
		B43C4626298ABE6700873D92 /* Random-Info.plist */ = {isa = PBXFileReference; lastKnownFileType = text.plist; path = "Random-Info.plist"; sourceTree = "<group>"; };
		B44BF3B32989B9400002B220 /* Random.app */ = {isa = PBXFileReference; explicitFileType = wrapper.application; includeInIndex = 0; path = Random.app; sourceTree = BUILT_PRODUCTS_DIR; };
		B44BF3B62989B9400002B220 /* RandomApp.swift */ = {isa = PBXFileReference; lastKnownFileType = sourcecode.swift; path = RandomApp.swift; sourceTree = "<group>"; };
		B44BF3B82989B9400002B220 /* AppView.swift */ = {isa = PBXFileReference; lastKnownFileType = sourcecode.swift; path = AppView.swift; sourceTree = "<group>"; };
		B44BF3BA2989B9400002B220 /* Assets.xcassets */ = {isa = PBXFileReference; lastKnownFileType = folder.assetcatalog; path = Assets.xcassets; sourceTree = "<group>"; };
		B44BF3BD2989B9400002B220 /* Preview Assets.xcassets */ = {isa = PBXFileReference; lastKnownFileType = folder.assetcatalog; path = "Preview Assets.xcassets"; sourceTree = "<group>"; };
		B44BF3BF2989B9400002B220 /* Persistence.swift */ = {isa = PBXFileReference; lastKnownFileType = sourcecode.swift; path = Persistence.swift; sourceTree = "<group>"; };
		B44BF3C22989B9400002B220 /* Random.xcdatamodel */ = {isa = PBXFileReference; lastKnownFileType = wrapper.xcdatamodel; path = Random.xcdatamodel; sourceTree = "<group>"; };
		B44BF3C82989B9400002B220 /* RandomTests.xctest */ = {isa = PBXFileReference; explicitFileType = wrapper.cfbundle; includeInIndex = 0; path = RandomTests.xctest; sourceTree = BUILT_PRODUCTS_DIR; };
		B44BF3CC2989B9400002B220 /* RandomTests.swift */ = {isa = PBXFileReference; lastKnownFileType = sourcecode.swift; path = RandomTests.swift; sourceTree = "<group>"; };
		B44BF3F22989BEFC0002B220 /* User.swift */ = {isa = PBXFileReference; lastKnownFileType = sourcecode.swift; path = User.swift; sourceTree = "<group>"; };
		B44BF3F42989BFE60002B220 /* ApiCollectionResponse.swift */ = {isa = PBXFileReference; lastKnownFileType = sourcecode.swift; path = ApiCollectionResponse.swift; sourceTree = "<group>"; };
		B44BF3F62989CC970002B220 /* RandomUserEndPoint.swift */ = {isa = PBXFileReference; lastKnownFileType = sourcecode.swift; path = RandomUserEndPoint.swift; sourceTree = "<group>"; };
		B44BF3F82989CD200002B220 /* Page.swift */ = {isa = PBXFileReference; lastKnownFileType = sourcecode.swift; path = Page.swift; sourceTree = "<group>"; };
		B44BF3FA2989CF1B0002B220 /* RandomUserError.swift */ = {isa = PBXFileReference; lastKnownFileType = sourcecode.swift; path = RandomUserError.swift; sourceTree = "<group>"; };
		B4556C6B298A79A900492A10 /* RandomUsersApiTests.swift */ = {isa = PBXFileReference; lastKnownFileType = sourcecode.swift; path = RandomUsersApiTests.swift; sourceTree = "<group>"; };
		B4556C6D298A79BA00492A10 /* TestGlobals.swift */ = {isa = PBXFileReference; lastKnownFileType = sourcecode.swift; path = TestGlobals.swift; sourceTree = "<group>"; };
		B4556C70298A8A8200492A10 /* UserView.swift */ = {isa = PBXFileReference; lastKnownFileType = sourcecode.swift; path = UserView.swift; sourceTree = "<group>"; };
		B4556C72298A8A8F00492A10 /* UserStore.swift */ = {isa = PBXFileReference; lastKnownFileType = sourcecode.swift; path = UserStore.swift; sourceTree = "<group>"; };
		B4556C74298A8D9300492A10 /* DesignConstants.swift */ = {isa = PBXFileReference; lastKnownFileType = sourcecode.swift; path = DesignConstants.swift; sourceTree = "<group>"; };
		B4556C77298A948500492A10 /* AppStore.swift */ = {isa = PBXFileReference; lastKnownFileType = sourcecode.swift; path = AppStore.swift; sourceTree = "<group>"; };
		B4556C7A298A967500492A10 /* UserListView.swift */ = {isa = PBXFileReference; lastKnownFileType = sourcecode.swift; path = UserListView.swift; sourceTree = "<group>"; };
		B4556C7C298A96A700492A10 /* UserListReducer.swift */ = {isa = PBXFileReference; lastKnownFileType = sourcecode.swift; path = UserListReducer.swift; sourceTree = "<group>"; };
		B4556C7E298A96AE00492A10 /* UserListStore.swift */ = {isa = PBXFileReference; lastKnownFileType = sourcecode.swift; path = UserListStore.swift; sourceTree = "<group>"; };
		B4556C80298A97A700492A10 /* AppEnv.swift */ = {isa = PBXFileReference; lastKnownFileType = sourcecode.swift; path = AppEnv.swift; sourceTree = "<group>"; };
		B4556C82298AAA1A00492A10 /* AppError.swift */ = {isa = PBXFileReference; lastKnownFileType = sourcecode.swift; path = AppError.swift; sourceTree = "<group>"; };
/* End PBXFileReference section */

/* Begin PBXFrameworksBuildPhase section */
		B44BF3B02989B9400002B220 /* Frameworks */ = {
			isa = PBXFrameworksBuildPhase;
			buildActionMask = 2147483647;
			files = (
				B44BF3ED2989BD3E0002B220 /* ComposableArchitecture in Frameworks */,
				B44BF3F02989BD5E0002B220 /* Microya in Frameworks */,
			);
			runOnlyForDeploymentPostprocessing = 0;
		};
		B44BF3C52989B9400002B220 /* Frameworks */ = {
			isa = PBXFrameworksBuildPhase;
			buildActionMask = 2147483647;
			files = (
			);
			runOnlyForDeploymentPostprocessing = 0;
		};
/* End PBXFrameworksBuildPhase section */

/* Begin PBXGroup section */
		B417C363298AB87700E4BCB7 /* Launch */ = {
			isa = PBXGroup;
			children = (
				B417C364298AB88100E4BCB7 /* SceneDelegate.swift */,
				B417C366298AB91A00E4BCB7 /* AppDelegate.swift */,
			);
			path = Launch;
			sourceTree = "<group>";
		};
		B44BF3AA2989B9400002B220 = {
			isa = PBXGroup;
			children = (
				B43C4626298ABE6700873D92 /* Random-Info.plist */,
				B44BF3B52989B9400002B220 /* App */,
				B44BF3CB2989B9400002B220 /* RandomTests */,
				B44BF3B42989B9400002B220 /* Products */,
			);
			sourceTree = "<group>";
		};
		B44BF3B42989B9400002B220 /* Products */ = {
			isa = PBXGroup;
			children = (
				B44BF3B32989B9400002B220 /* Random.app */,
				B44BF3C82989B9400002B220 /* RandomTests.xctest */,
			);
			name = Products;
			sourceTree = "<group>";
		};
		B44BF3B52989B9400002B220 /* App */ = {
			isa = PBXGroup;
			children = (
				B44BF3E52989B97A0002B220 /* Sources */,
				B44BF3E62989B98B0002B220 /* Resources */,
				B44BF3BC2989B9400002B220 /* Preview Content */,
			);
			path = App;
			sourceTree = "<group>";
		};
		B44BF3BC2989B9400002B220 /* Preview Content */ = {
			isa = PBXGroup;
			children = (
				B44BF3BD2989B9400002B220 /* Preview Assets.xcassets */,
			);
			path = "Preview Content";
			sourceTree = "<group>";
		};
		B44BF3CB2989B9400002B220 /* RandomTests */ = {
			isa = PBXGroup;
			children = (
				B44BF3CC2989B9400002B220 /* RandomTests.swift */,
				B4556C6B298A79A900492A10 /* RandomUsersApiTests.swift */,
				B4556C6D298A79BA00492A10 /* TestGlobals.swift */,
			);
			path = RandomTests;
			sourceTree = "<group>";
		};
		B44BF3E52989B97A0002B220 /* Sources */ = {
			isa = PBXGroup;
			children = (
				B417C363298AB87700E4BCB7 /* Launch */,
				B44BF3E82989BB700002B220 /* Networking */,
				B44BF3E72989BB680002B220 /* Design */,
				B44BF3EA2989BBC30002B220 /* MainView */,
				B44BF3E92989BB7D0002B220 /* AppView */,
				B4556C79298A966200492A10 /* UserListView */,
				B4556C84298AAE9D00492A10 /* Global */,
			);
			path = Sources;
			sourceTree = "<group>";
		};
		B44BF3E62989B98B0002B220 /* Resources */ = {
			isa = PBXGroup;
			children = (
				B44BF3C12989B9400002B220 /* Random.xcdatamodeld */,
				B44BF3BA2989B9400002B220 /* Assets.xcassets */,
			);
			path = Resources;
			sourceTree = "<group>";
		};
		B44BF3E72989BB680002B220 /* Design */ = {
			isa = PBXGroup;
			children = (
				B4556C6F298A8A6700492A10 /* Components */,
				B4556C76298A8E4600492A10 /* Shared */,
			);
			path = Design;
			sourceTree = "<group>";
		};
		B44BF3E82989BB700002B220 /* Networking */ = {
			isa = PBXGroup;
			children = (
				B44BF3F12989BEF60002B220 /* Models */,
				B4556C68298A773F00492A10 /* RandomUserDomain */,
			);
			path = Networking;
			sourceTree = "<group>";
		};
		B44BF3E92989BB7D0002B220 /* AppView */ = {
			isa = PBXGroup;
			children = (
				B44BF3BF2989B9400002B220 /* Persistence.swift */,
				B44BF3B82989B9400002B220 /* AppView.swift */,
				B4556C77298A948500492A10 /* AppStore.swift */,
				B4556C80298A97A700492A10 /* AppEnv.swift */,
			);
			path = AppView;
			sourceTree = "<group>";
		};
		B44BF3EA2989BBC30002B220 /* MainView */ = {
			isa = PBXGroup;
			children = (
				B44BF3B62989B9400002B220 /* RandomApp.swift */,
			);
			path = MainView;
			sourceTree = "<group>";
		};
		B44BF3F12989BEF60002B220 /* Models */ = {
			isa = PBXGroup;
			children = (
				B44BF3F42989BFE60002B220 /* ApiCollectionResponse.swift */,
				B44BF3F22989BEFC0002B220 /* User.swift */,
				B44BF3F82989CD200002B220 /* Page.swift */,
			);
			path = Models;
			sourceTree = "<group>";
		};
		B4556C68298A773F00492A10 /* RandomUserDomain */ = {
			isa = PBXGroup;
			children = (
				B44BF3F62989CC970002B220 /* RandomUserEndPoint.swift */,
				B44BF3FA2989CF1B0002B220 /* RandomUserError.swift */,
			);
			path = RandomUserDomain;
			sourceTree = "<group>";
		};
		B4556C6F298A8A6700492A10 /* Components */ = {
			isa = PBXGroup;
			children = (
				B4556C70298A8A8200492A10 /* UserView.swift */,
				B4556C72298A8A8F00492A10 /* UserStore.swift */,
			);
			path = Components;
			sourceTree = "<group>";
		};
		B4556C76298A8E4600492A10 /* Shared */ = {
			isa = PBXGroup;
			children = (
				B4556C74298A8D9300492A10 /* DesignConstants.swift */,
			);
			path = Shared;
			sourceTree = "<group>";
		};
		B4556C79298A966200492A10 /* UserListView */ = {
			isa = PBXGroup;
			children = (
				B4556C7A298A967500492A10 /* UserListView.swift */,
				B4556C7C298A96A700492A10 /* UserListReducer.swift */,
				B4556C7E298A96AE00492A10 /* UserListStore.swift */,
			);
			path = UserListView;
			sourceTree = "<group>";
		};
		B4556C84298AAE9D00492A10 /* Global */ = {
			isa = PBXGroup;
			children = (
				B4556C82298AAA1A00492A10 /* AppError.swift */,
			);
			path = Global;
			sourceTree = "<group>";
		};
/* End PBXGroup section */

/* Begin PBXNativeTarget section */
		B44BF3B22989B9400002B220 /* Random */ = {
			isa = PBXNativeTarget;
			buildConfigurationList = B44BF3DC2989B9400002B220 /* Build configuration list for PBXNativeTarget "Random" */;
			buildPhases = (
				B44BF3AF2989B9400002B220 /* Sources */,
				B44BF3B02989B9400002B220 /* Frameworks */,
				B44BF3B12989B9400002B220 /* Resources */,
			);
			buildRules = (
			);
			dependencies = (
			);
			name = Random;
			packageProductDependencies = (
				B44BF3EC2989BD3E0002B220 /* ComposableArchitecture */,
				B44BF3EF2989BD5E0002B220 /* Microya */,
			);
			productName = Random;
			productReference = B44BF3B32989B9400002B220 /* Random.app */;
			productType = "com.apple.product-type.application";
		};
		B44BF3C72989B9400002B220 /* RandomTests */ = {
			isa = PBXNativeTarget;
			buildConfigurationList = B44BF3DF2989B9400002B220 /* Build configuration list for PBXNativeTarget "RandomTests" */;
			buildPhases = (
				B44BF3C42989B9400002B220 /* Sources */,
				B44BF3C52989B9400002B220 /* Frameworks */,
				B44BF3C62989B9400002B220 /* Resources */,
			);
			buildRules = (
			);
			dependencies = (
				B44BF3CA2989B9400002B220 /* PBXTargetDependency */,
			);
			name = RandomTests;
			productName = RandomTests;
			productReference = B44BF3C82989B9400002B220 /* RandomTests.xctest */;
			productType = "com.apple.product-type.bundle.unit-test";
		};
/* End PBXNativeTarget section */

/* Begin PBXProject section */
		B44BF3AB2989B9400002B220 /* Project object */ = {
			isa = PBXProject;
			attributes = {
				BuildIndependentTargetsInParallel = 1;
				LastSwiftUpdateCheck = 1410;
				LastUpgradeCheck = 1410;
				TargetAttributes = {
					B44BF3B22989B9400002B220 = {
						CreatedOnToolsVersion = 14.1;
					};
					B44BF3C72989B9400002B220 = {
						CreatedOnToolsVersion = 14.1;
						TestTargetID = B44BF3B22989B9400002B220;
					};
				};
			};
			buildConfigurationList = B44BF3AE2989B9400002B220 /* Build configuration list for PBXProject "Random" */;
			compatibilityVersion = "Xcode 14.0";
			developmentRegion = en;
			hasScannedForEncodings = 0;
			knownRegions = (
				en,
				Base,
			);
			mainGroup = B44BF3AA2989B9400002B220;
			packageReferences = (
				B44BF3EB2989BD3E0002B220 /* XCRemoteSwiftPackageReference "swift-composable-architecture" */,
				B44BF3EE2989BD5E0002B220 /* XCRemoteSwiftPackageReference "Microya" */,
			);
			productRefGroup = B44BF3B42989B9400002B220 /* Products */;
			projectDirPath = "";
			projectRoot = "";
			targets = (
				B44BF3B22989B9400002B220 /* Random */,
				B44BF3C72989B9400002B220 /* RandomTests */,
			);
		};
/* End PBXProject section */

/* Begin PBXResourcesBuildPhase section */
		B44BF3B12989B9400002B220 /* Resources */ = {
			isa = PBXResourcesBuildPhase;
			buildActionMask = 2147483647;
			files = (
				B44BF3BE2989B9400002B220 /* Preview Assets.xcassets in Resources */,
				B44BF3BB2989B9400002B220 /* Assets.xcassets in Resources */,
			);
			runOnlyForDeploymentPostprocessing = 0;
		};
		B44BF3C62989B9400002B220 /* Resources */ = {
			isa = PBXResourcesBuildPhase;
			buildActionMask = 2147483647;
			files = (
			);
			runOnlyForDeploymentPostprocessing = 0;
		};
/* End PBXResourcesBuildPhase section */

/* Begin PBXSourcesBuildPhase section */
		B44BF3AF2989B9400002B220 /* Sources */ = {
			isa = PBXSourcesBuildPhase;
			buildActionMask = 2147483647;
			files = (
				B44BF3C32989B9400002B220 /* Random.xcdatamodeld in Sources */,
				B4556C73298A8A8F00492A10 /* UserStore.swift in Sources */,
				B4556C83298AAA1A00492A10 /* AppError.swift in Sources */,
				B4556C7D298A96A700492A10 /* UserListReducer.swift in Sources */,
				B4556C81298A97A700492A10 /* AppEnv.swift in Sources */,
				B44BF3C02989B9400002B220 /* Persistence.swift in Sources */,
				B4556C75298A8D9300492A10 /* DesignConstants.swift in Sources */,
				B44BF3F92989CD200002B220 /* Page.swift in Sources */,
				B417C367298AB91A00E4BCB7 /* AppDelegate.swift in Sources */,
				B4556C7F298A96AE00492A10 /* UserListStore.swift in Sources */,
				B44BF3F72989CC970002B220 /* RandomUserEndPoint.swift in Sources */,
				B44BF3B92989B9400002B220 /* AppView.swift in Sources */,
				B4556C7B298A967500492A10 /* UserListView.swift in Sources */,
				B44BF3F52989BFE60002B220 /* ApiCollectionResponse.swift in Sources */,
				B4556C78298A948500492A10 /* AppStore.swift in Sources */,
				B44BF3FB2989CF1B0002B220 /* RandomUserError.swift in Sources */,
				B4556C71298A8A8200492A10 /* UserView.swift in Sources */,
				B417C365298AB88100E4BCB7 /* SceneDelegate.swift in Sources */,
				B44BF3F32989BEFC0002B220 /* User.swift in Sources */,
				B44BF3B72989B9400002B220 /* RandomApp.swift in Sources */,
			);
			runOnlyForDeploymentPostprocessing = 0;
		};
		B44BF3C42989B9400002B220 /* Sources */ = {
			isa = PBXSourcesBuildPhase;
			buildActionMask = 2147483647;
			files = (
				B4556C6C298A79A900492A10 /* RandomUsersApiTests.swift in Sources */,
				B44BF3CD2989B9400002B220 /* RandomTests.swift in Sources */,
				B4556C6E298A79BA00492A10 /* TestGlobals.swift in Sources */,
			);
			runOnlyForDeploymentPostprocessing = 0;
		};
/* End PBXSourcesBuildPhase section */

/* Begin PBXTargetDependency section */
		B44BF3CA2989B9400002B220 /* PBXTargetDependency */ = {
			isa = PBXTargetDependency;
			target = B44BF3B22989B9400002B220 /* Random */;
			targetProxy = B44BF3C92989B9400002B220 /* PBXContainerItemProxy */;
		};
/* End PBXTargetDependency section */

/* Begin XCBuildConfiguration section */
		B44BF3DA2989B9400002B220 /* Debug */ = {
			isa = XCBuildConfiguration;
			buildSettings = {
				ALWAYS_SEARCH_USER_PATHS = NO;
				CLANG_ANALYZER_NONNULL = YES;
				CLANG_ANALYZER_NUMBER_OBJECT_CONVERSION = YES_AGGRESSIVE;
				CLANG_CXX_LANGUAGE_STANDARD = "gnu++20";
				CLANG_ENABLE_MODULES = YES;
				CLANG_ENABLE_OBJC_ARC = YES;
				CLANG_ENABLE_OBJC_WEAK = YES;
				CLANG_WARN_BLOCK_CAPTURE_AUTORELEASING = YES;
				CLANG_WARN_BOOL_CONVERSION = YES;
				CLANG_WARN_COMMA = YES;
				CLANG_WARN_CONSTANT_CONVERSION = YES;
				CLANG_WARN_DEPRECATED_OBJC_IMPLEMENTATIONS = YES;
				CLANG_WARN_DIRECT_OBJC_ISA_USAGE = YES_ERROR;
				CLANG_WARN_DOCUMENTATION_COMMENTS = YES;
				CLANG_WARN_EMPTY_BODY = YES;
				CLANG_WARN_ENUM_CONVERSION = YES;
				CLANG_WARN_INFINITE_RECURSION = YES;
				CLANG_WARN_INT_CONVERSION = YES;
				CLANG_WARN_NON_LITERAL_NULL_CONVERSION = YES;
				CLANG_WARN_OBJC_IMPLICIT_RETAIN_SELF = YES;
				CLANG_WARN_OBJC_LITERAL_CONVERSION = YES;
				CLANG_WARN_OBJC_ROOT_CLASS = YES_ERROR;
				CLANG_WARN_QUOTED_INCLUDE_IN_FRAMEWORK_HEADER = YES;
				CLANG_WARN_RANGE_LOOP_ANALYSIS = YES;
				CLANG_WARN_STRICT_PROTOTYPES = YES;
				CLANG_WARN_SUSPICIOUS_MOVE = YES;
				CLANG_WARN_UNGUARDED_AVAILABILITY = YES_AGGRESSIVE;
				CLANG_WARN_UNREACHABLE_CODE = YES;
				CLANG_WARN__DUPLICATE_METHOD_MATCH = YES;
				COPY_PHASE_STRIP = NO;
				DEBUG_INFORMATION_FORMAT = dwarf;
				ENABLE_STRICT_OBJC_MSGSEND = YES;
				ENABLE_TESTABILITY = YES;
				GCC_C_LANGUAGE_STANDARD = gnu11;
				GCC_DYNAMIC_NO_PIC = NO;
				GCC_NO_COMMON_BLOCKS = YES;
				GCC_OPTIMIZATION_LEVEL = 0;
				GCC_PREPROCESSOR_DEFINITIONS = (
					"DEBUG=1",
					"$(inherited)",
				);
				GCC_WARN_64_TO_32_BIT_CONVERSION = YES;
				GCC_WARN_ABOUT_RETURN_TYPE = YES_ERROR;
				GCC_WARN_UNDECLARED_SELECTOR = YES;
				GCC_WARN_UNINITIALIZED_AUTOS = YES_AGGRESSIVE;
				GCC_WARN_UNUSED_FUNCTION = YES;
				GCC_WARN_UNUSED_VARIABLE = YES;
				IPHONEOS_DEPLOYMENT_TARGET = 13.0;
				MTL_ENABLE_DEBUG_INFO = INCLUDE_SOURCE;
				MTL_FAST_MATH = YES;
				ONLY_ACTIVE_ARCH = YES;
				SDKROOT = iphoneos;
				SWIFT_ACTIVE_COMPILATION_CONDITIONS = DEBUG;
				SWIFT_OPTIMIZATION_LEVEL = "-Onone";
			};
			name = Debug;
		};
		B44BF3DB2989B9400002B220 /* Release */ = {
			isa = XCBuildConfiguration;
			buildSettings = {
				ALWAYS_SEARCH_USER_PATHS = NO;
				CLANG_ANALYZER_NONNULL = YES;
				CLANG_ANALYZER_NUMBER_OBJECT_CONVERSION = YES_AGGRESSIVE;
				CLANG_CXX_LANGUAGE_STANDARD = "gnu++20";
				CLANG_ENABLE_MODULES = YES;
				CLANG_ENABLE_OBJC_ARC = YES;
				CLANG_ENABLE_OBJC_WEAK = YES;
				CLANG_WARN_BLOCK_CAPTURE_AUTORELEASING = YES;
				CLANG_WARN_BOOL_CONVERSION = YES;
				CLANG_WARN_COMMA = YES;
				CLANG_WARN_CONSTANT_CONVERSION = YES;
				CLANG_WARN_DEPRECATED_OBJC_IMPLEMENTATIONS = YES;
				CLANG_WARN_DIRECT_OBJC_ISA_USAGE = YES_ERROR;
				CLANG_WARN_DOCUMENTATION_COMMENTS = YES;
				CLANG_WARN_EMPTY_BODY = YES;
				CLANG_WARN_ENUM_CONVERSION = YES;
				CLANG_WARN_INFINITE_RECURSION = YES;
				CLANG_WARN_INT_CONVERSION = YES;
				CLANG_WARN_NON_LITERAL_NULL_CONVERSION = YES;
				CLANG_WARN_OBJC_IMPLICIT_RETAIN_SELF = YES;
				CLANG_WARN_OBJC_LITERAL_CONVERSION = YES;
				CLANG_WARN_OBJC_ROOT_CLASS = YES_ERROR;
				CLANG_WARN_QUOTED_INCLUDE_IN_FRAMEWORK_HEADER = YES;
				CLANG_WARN_RANGE_LOOP_ANALYSIS = YES;
				CLANG_WARN_STRICT_PROTOTYPES = YES;
				CLANG_WARN_SUSPICIOUS_MOVE = YES;
				CLANG_WARN_UNGUARDED_AVAILABILITY = YES_AGGRESSIVE;
				CLANG_WARN_UNREACHABLE_CODE = YES;
				CLANG_WARN__DUPLICATE_METHOD_MATCH = YES;
				COPY_PHASE_STRIP = NO;
				DEBUG_INFORMATION_FORMAT = "dwarf-with-dsym";
				ENABLE_NS_ASSERTIONS = NO;
				ENABLE_STRICT_OBJC_MSGSEND = YES;
				GCC_C_LANGUAGE_STANDARD = gnu11;
				GCC_NO_COMMON_BLOCKS = YES;
				GCC_WARN_64_TO_32_BIT_CONVERSION = YES;
				GCC_WARN_ABOUT_RETURN_TYPE = YES_ERROR;
				GCC_WARN_UNDECLARED_SELECTOR = YES;
				GCC_WARN_UNINITIALIZED_AUTOS = YES_AGGRESSIVE;
				GCC_WARN_UNUSED_FUNCTION = YES;
				GCC_WARN_UNUSED_VARIABLE = YES;
				IPHONEOS_DEPLOYMENT_TARGET = 13.0;
				MTL_ENABLE_DEBUG_INFO = NO;
				MTL_FAST_MATH = YES;
				SDKROOT = iphoneos;
				SWIFT_COMPILATION_MODE = wholemodule;
				SWIFT_OPTIMIZATION_LEVEL = "-O";
				VALIDATE_PRODUCT = YES;
			};
			name = Release;
		};
		B44BF3DD2989B9400002B220 /* Debug */ = {
			isa = XCBuildConfiguration;
			buildSettings = {
				ASSETCATALOG_COMPILER_APPICON_NAME = AppIcon;
				ASSETCATALOG_COMPILER_GLOBAL_ACCENT_COLOR_NAME = AccentColor;
				CODE_SIGN_STYLE = Automatic;
				CURRENT_PROJECT_VERSION = 1;
				DEVELOPMENT_ASSET_PATHS = "\"App/Preview Content\"";
				DEVELOPMENT_TEAM = 9TH46F6KBN;
				ENABLE_PREVIEWS = YES;
				GENERATE_INFOPLIST_FILE = YES;
				INFOPLIST_FILE = "Random-Info.plist";
				INFOPLIST_KEY_UIApplicationSupportsIndirectInputEvents = YES;
				INFOPLIST_KEY_UILaunchScreen_Generation = YES;
				INFOPLIST_KEY_UISupportedInterfaceOrientations_iPad = "UIInterfaceOrientationPortrait UIInterfaceOrientationPortraitUpsideDown UIInterfaceOrientationLandscapeLeft UIInterfaceOrientationLandscapeRight";
				INFOPLIST_KEY_UISupportedInterfaceOrientations_iPhone = "UIInterfaceOrientationPortrait UIInterfaceOrientationLandscapeLeft UIInterfaceOrientationLandscapeRight";
				LD_RUNPATH_SEARCH_PATHS = (
					"$(inherited)",
					"@executable_path/Frameworks",
				);
				MARKETING_VERSION = 1.0;
				PRODUCT_BUNDLE_IDENTIFIER = com.app.Random;
				PRODUCT_NAME = "$(TARGET_NAME)";
				SWIFT_EMIT_LOC_STRINGS = YES;
				SWIFT_VERSION = 5.0;
				TARGETED_DEVICE_FAMILY = "1,2";
			};
			name = Debug;
		};
		B44BF3DE2989B9400002B220 /* Release */ = {
			isa = XCBuildConfiguration;
			buildSettings = {
				ASSETCATALOG_COMPILER_APPICON_NAME = AppIcon;
				ASSETCATALOG_COMPILER_GLOBAL_ACCENT_COLOR_NAME = AccentColor;
				CODE_SIGN_STYLE = Automatic;
				CURRENT_PROJECT_VERSION = 1;
				DEVELOPMENT_ASSET_PATHS = "\"App/Preview Content\"";
				DEVELOPMENT_TEAM = 9TH46F6KBN;
				ENABLE_PREVIEWS = YES;
				GENERATE_INFOPLIST_FILE = YES;
				INFOPLIST_FILE = "Random-Info.plist";
				INFOPLIST_KEY_UIApplicationSupportsIndirectInputEvents = YES;
				INFOPLIST_KEY_UILaunchScreen_Generation = YES;
				INFOPLIST_KEY_UISupportedInterfaceOrientations_iPad = "UIInterfaceOrientationPortrait UIInterfaceOrientationPortraitUpsideDown UIInterfaceOrientationLandscapeLeft UIInterfaceOrientationLandscapeRight";
				INFOPLIST_KEY_UISupportedInterfaceOrientations_iPhone = "UIInterfaceOrientationPortrait UIInterfaceOrientationLandscapeLeft UIInterfaceOrientationLandscapeRight";
				LD_RUNPATH_SEARCH_PATHS = (
					"$(inherited)",
					"@executable_path/Frameworks",
				);
				MARKETING_VERSION = 1.0;
				PRODUCT_BUNDLE_IDENTIFIER = com.app.Random;
				PRODUCT_NAME = "$(TARGET_NAME)";
				SWIFT_EMIT_LOC_STRINGS = YES;
				SWIFT_VERSION = 5.0;
				TARGETED_DEVICE_FAMILY = "1,2";
			};
			name = Release;
		};
		B44BF3E02989B9400002B220 /* Debug */ = {
			isa = XCBuildConfiguration;
			buildSettings = {
				ALWAYS_EMBED_SWIFT_STANDARD_LIBRARIES = YES;
				BUNDLE_LOADER = "$(TEST_HOST)";
				CODE_SIGN_STYLE = Automatic;
				CURRENT_PROJECT_VERSION = 1;
				DEVELOPMENT_TEAM = 9TH46F6KBN;
				GENERATE_INFOPLIST_FILE = YES;
				IPHONEOS_DEPLOYMENT_TARGET = 16.1;
				MARKETING_VERSION = 1.0;
				PRODUCT_BUNDLE_IDENTIFIER = com.robot.RandomTests;
				PRODUCT_NAME = "$(TARGET_NAME)";
				SWIFT_EMIT_LOC_STRINGS = NO;
				SWIFT_VERSION = 5.0;
				TARGETED_DEVICE_FAMILY = "1,2";
				TEST_HOST = "$(BUILT_PRODUCTS_DIR)/Random.app/$(BUNDLE_EXECUTABLE_FOLDER_PATH)/Random";
			};
			name = Debug;
		};
		B44BF3E12989B9400002B220 /* Release */ = {
			isa = XCBuildConfiguration;
			buildSettings = {
				ALWAYS_EMBED_SWIFT_STANDARD_LIBRARIES = YES;
				BUNDLE_LOADER = "$(TEST_HOST)";
				CODE_SIGN_STYLE = Automatic;
				CURRENT_PROJECT_VERSION = 1;
				DEVELOPMENT_TEAM = 9TH46F6KBN;
				GENERATE_INFOPLIST_FILE = YES;
				IPHONEOS_DEPLOYMENT_TARGET = 16.1;
				MARKETING_VERSION = 1.0;
				PRODUCT_BUNDLE_IDENTIFIER = com.robot.RandomTests;
				PRODUCT_NAME = "$(TARGET_NAME)";
				SWIFT_EMIT_LOC_STRINGS = NO;
				SWIFT_VERSION = 5.0;
				TARGETED_DEVICE_FAMILY = "1,2";
				TEST_HOST = "$(BUILT_PRODUCTS_DIR)/Random.app/$(BUNDLE_EXECUTABLE_FOLDER_PATH)/Random";
			};
			name = Release;
		};
/* End XCBuildConfiguration section */

/* Begin XCConfigurationList section */
		B44BF3AE2989B9400002B220 /* Build configuration list for PBXProject "Random" */ = {
			isa = XCConfigurationList;
			buildConfigurations = (
				B44BF3DA2989B9400002B220 /* Debug */,
				B44BF3DB2989B9400002B220 /* Release */,
			);
			defaultConfigurationIsVisible = 0;
			defaultConfigurationName = Release;
		};
		B44BF3DC2989B9400002B220 /* Build configuration list for PBXNativeTarget "Random" */ = {
			isa = XCConfigurationList;
			buildConfigurations = (
				B44BF3DD2989B9400002B220 /* Debug */,
				B44BF3DE2989B9400002B220 /* Release */,
			);
			defaultConfigurationIsVisible = 0;
			defaultConfigurationName = Release;
		};
		B44BF3DF2989B9400002B220 /* Build configuration list for PBXNativeTarget "RandomTests" */ = {
			isa = XCConfigurationList;
			buildConfigurations = (
				B44BF3E02989B9400002B220 /* Debug */,
				B44BF3E12989B9400002B220 /* Release */,
			);
			defaultConfigurationIsVisible = 0;
			defaultConfigurationName = Release;
		};
/* End XCConfigurationList section */

/* Begin XCRemoteSwiftPackageReference section */
		B44BF3EB2989BD3E0002B220 /* XCRemoteSwiftPackageReference "swift-composable-architecture" */ = {
			isa = XCRemoteSwiftPackageReference;
			repositoryURL = "https://github.com/pointfreeco/swift-composable-architecture";
			requirement = {
				kind = upToNextMajorVersion;
				minimumVersion = 0.9.0;
			};
		};
		B44BF3EE2989BD5E0002B220 /* XCRemoteSwiftPackageReference "Microya" */ = {
			isa = XCRemoteSwiftPackageReference;
			repositoryURL = "https://github.com/FlineDev/Microya/";
			requirement = {
				kind = upToNextMajorVersion;
				minimumVersion = 0.7.0;
			};
		};
/* End XCRemoteSwiftPackageReference section */

/* Begin XCSwiftPackageProductDependency section */
		B44BF3EC2989BD3E0002B220 /* ComposableArchitecture */ = {
			isa = XCSwiftPackageProductDependency;
			package = B44BF3EB2989BD3E0002B220 /* XCRemoteSwiftPackageReference "swift-composable-architecture" */;
			productName = ComposableArchitecture;
		};
		B44BF3EF2989BD5E0002B220 /* Microya */ = {
			isa = XCSwiftPackageProductDependency;
			package = B44BF3EE2989BD5E0002B220 /* XCRemoteSwiftPackageReference "Microya" */;
			productName = Microya;
		};
/* End XCSwiftPackageProductDependency section */

/* Begin XCVersionGroup section */
		B44BF3C12989B9400002B220 /* Random.xcdatamodeld */ = {
			isa = XCVersionGroup;
			children = (
				B44BF3C22989B9400002B220 /* Random.xcdatamodel */,
			);
			currentVersion = B44BF3C22989B9400002B220 /* Random.xcdatamodel */;
			path = Random.xcdatamodeld;
			sourceTree = "<group>";
			versionGroupType = wrapper.xcdatamodel;
		};
/* End XCVersionGroup section */
	};
	rootObject = B44BF3AB2989B9400002B220 /* Project object */;
}
